// !$*UTF8*$!
{
	archiveVersion = 1;
	classes = {
	};
	objectVersion = 46;
	objects = {

/* Begin PBXBuildFile section */
		D708E33F1EB24A7F001FBA28 /* informationViewController.swift in Sources */ = {isa = PBXBuildFile; fileRef = D708E33E1EB24A7F001FBA28 /* informationViewController.swift */; };
		D76C4F1E1EB0ED2B007F12D4 /* AppDelegate.swift in Sources */ = {isa = PBXBuildFile; fileRef = D76C4F1D1EB0ED2B007F12D4 /* AppDelegate.swift */; };
		D76C4F201EB0ED2B007F12D4 /* ViewController.swift in Sources */ = {isa = PBXBuildFile; fileRef = D76C4F1F1EB0ED2B007F12D4 /* ViewController.swift */; };
		D76C4F231EB0ED2B007F12D4 /* Main.storyboard in Resources */ = {isa = PBXBuildFile; fileRef = D76C4F211EB0ED2B007F12D4 /* Main.storyboard */; };
		D76C4F251EB0ED2B007F12D4 /* Assets.xcassets in Resources */ = {isa = PBXBuildFile; fileRef = D76C4F241EB0ED2B007F12D4 /* Assets.xcassets */; };
		D76C4F281EB0ED2B007F12D4 /* LaunchScreen.storyboard in Resources */ = {isa = PBXBuildFile; fileRef = D76C4F261EB0ED2B007F12D4 /* LaunchScreen.storyboard */; };
		D78F87C91EB24A3B005E9EA9 /* Class.swift in Sources */ = {isa = PBXBuildFile; fileRef = D78F87C81EB24A3B005E9EA9 /* Class.swift */; };
/* End PBXBuildFile section */

/* Begin PBXFileReference section */
		D708E33E1EB24A7F001FBA28 /* informationViewController.swift */ = {isa = PBXFileReference; fileEncoding = 4; lastKnownFileType = sourcecode.swift; path = informationViewController.swift; sourceTree = "<group>"; };
		D76C4F1A1EB0ED2B007F12D4 /* MoneyTracker.app */ = {isa = PBXFileReference; explicitFileType = wrapper.application; includeInIndex = 0; path = MoneyTracker.app; sourceTree = BUILT_PRODUCTS_DIR; };
		D76C4F1D1EB0ED2B007F12D4 /* AppDelegate.swift */ = {isa = PBXFileReference; lastKnownFileType = sourcecode.swift; path = AppDelegate.swift; sourceTree = "<group>"; };
		D76C4F1F1EB0ED2B007F12D4 /* ViewController.swift */ = {isa = PBXFileReference; lastKnownFileType = sourcecode.swift; path = ViewController.swift; sourceTree = "<group>"; };
		D76C4F221EB0ED2B007F12D4 /* Base */ = {isa = PBXFileReference; lastKnownFileType = file.storyboard; name = Base; path = Base.lproj/Main.storyboard; sourceTree = "<group>"; };
		D76C4F241EB0ED2B007F12D4 /* Assets.xcassets */ = {isa = PBXFileReference; lastKnownFileType = folder.assetcatalog; path = Assets.xcassets; sourceTree = "<group>"; };
		D76C4F271EB0ED2B007F12D4 /* Base */ = {isa = PBXFileReference; lastKnownFileType = file.storyboard; name = Base; path = Base.lproj/LaunchScreen.storyboard; sourceTree = "<group>"; };
		D76C4F291EB0ED2B007F12D4 /* Info.plist */ = {isa = PBXFileReference; lastKnownFileType = text.plist.xml; path = Info.plist; sourceTree = "<group>"; };
		D78F87C81EB24A3B005E9EA9 /* Class.swift */ = {isa = PBXFileReference; fileEncoding = 4; lastKnownFileType = sourcecode.swift; path = Class.swift; sourceTree = "<group>"; };
/* End PBXFileReference section */

/* Begin PBXFrameworksBuildPhase section */
		D76C4F171EB0ED2B007F12D4 /* Frameworks */ = {
			isa = PBXFrameworksBuildPhase;
			buildActionMask = 2147483647;
			files = (
			);
			runOnlyForDeploymentPostprocessing = 0;
		};
/* End PBXFrameworksBuildPhase section */

/* Begin PBXGroup section */
		D76C4F111EB0ED2B007F12D4 = {
			isa = PBXGroup;
			children = (
				D76C4F1C1EB0ED2B007F12D4 /* MoneyTracker */,
				D76C4F1B1EB0ED2B007F12D4 /* Products */,
			);
			sourceTree = "<group>";
		};
		D76C4F1B1EB0ED2B007F12D4 /* Products */ = {
			isa = PBXGroup;
			children = (
				D76C4F1A1EB0ED2B007F12D4 /* MoneyTracker.app */,
			);
			name = Products;
			sourceTree = "<group>";
		};
		D76C4F1C1EB0ED2B007F12D4 /* MoneyTracker */ = {
			isa = PBXGroup;
			children = (
				D76C4F1D1EB0ED2B007F12D4 /* AppDelegate.swift */,
				D76C4F1F1EB0ED2B007F12D4 /* ViewController.swift */,
				D78F87C81EB24A3B005E9EA9 /* Class.swift */,
				D76C4F211EB0ED2B007F12D4 /* Main.storyboard */,
				D708E33E1EB24A7F001FBA28 /* informationViewController.swift */,
				D76C4F241EB0ED2B007F12D4 /* Assets.xcassets */,
				D76C4F261EB0ED2B007F12D4 /* LaunchScreen.storyboard */,
				D76C4F291EB0ED2B007F12D4 /* Info.plist */,
			);
			path = MoneyTracker;
			sourceTree = "<group>";
		};
/* End PBXGroup section */

/* Begin PBXNativeTarget section */
		D76C4F191EB0ED2B007F12D4 /* MoneyTracker */ = {
			isa = PBXNativeTarget;
			buildConfigurationList = D76C4F2C1EB0ED2B007F12D4 /* Build configuration list for PBXNativeTarget "MoneyTracker" */;
			buildPhases = (
				D76C4F161EB0ED2B007F12D4 /* Sources */,
				D76C4F171EB0ED2B007F12D4 /* Frameworks */,
				D76C4F181EB0ED2B007F12D4 /* Resources */,
			);
			buildRules = (
			);
			dependencies = (
			);
			name = MoneyTracker;
			productName = MoneyTracker;
			productReference = D76C4F1A1EB0ED2B007F12D4 /* MoneyTracker.app */;
			productType = "com.apple.product-type.application";
		};
/* End PBXNativeTarget section */

/* Begin PBXProject section */
		D76C4F121EB0ED2B007F12D4 /* Project object */ = {
			isa = PBXProject;
			attributes = {
				LastSwiftUpdateCheck = 0830;
				LastUpgradeCheck = 0830;
				ORGANIZATIONNAME = "John Hersey High School";
				TargetAttributes = {
					D76C4F191EB0ED2B007F12D4 = {
						CreatedOnToolsVersion = 8.3.2;
						DevelopmentTeam = 792YRUGRN6;
						ProvisioningStyle = Automatic;
					};
				};
			};
			buildConfigurationList = D76C4F151EB0ED2B007F12D4 /* Build configuration list for PBXProject "MoneyTracker" */;
			compatibilityVersion = "Xcode 3.2";
			developmentRegion = English;
			hasScannedForEncodings = 0;
			knownRegions = (
				en,
				Base,
			);
			mainGroup = D76C4F111EB0ED2B007F12D4;
			productRefGroup = D76C4F1B1EB0ED2B007F12D4 /* Products */;
			projectDirPath = "";
			projectRoot = "";
			targets = (
				D76C4F191EB0ED2B007F12D4 /* MoneyTracker */,
			);
		};
/* End PBXProject section */

/* Begin PBXResourcesBuildPhase section */
		D76C4F181EB0ED2B007F12D4 /* Resources */ = {
			isa = PBXResourcesBuildPhase;
			buildActionMask = 2147483647;
			files = (
				D76C4F281EB0ED2B007F12D4 /* LaunchScreen.storyboard in Resources */,
				D76C4F251EB0ED2B007F12D4 /* Assets.xcassets in Resources */,
				D76C4F231EB0ED2B007F12D4 /* Main.storyboard in Resources */,
			);
			runOnlyForDeploymentPostprocessing = 0;
		};
/* End PBXResourcesBuildPhase section */

/* Begin PBXSourcesBuildPhase section */
		D76C4F161EB0ED2B007F12D4 /* Sources */ = {
			isa = PBXSourcesBuildPhase;
			buildActionMask = 2147483647;
			files = (
				D78F87C91EB24A3B005E9EA9 /* Class.swift in Sources */,
				D76C4F201EB0ED2B007F12D4 /* ViewController.swift in Sources */,
				D76C4F1E1EB0ED2B007F12D4 /* AppDelegate.swift in Sources */,
				D708E33F1EB24A7F001FBA28 /* informationViewController.swift in Sources */,
			);
			runOnlyForDeploymentPostprocessing = 0;
		};
/* End PBXSourcesBuildPhase section */

/* Begin PBXVariantGroup section */
		D76C4F211EB0ED2B007F12D4 /* Main.storyboard */ = {
			isa = PBXVariantGroup;
			children = (
				D76C4F221EB0ED2B007F12D4 /* Base */,
			);
			name = Main.storyboard;
			sourceTree = "<group>";
		};
		D76C4F261EB0ED2B007F12D4 /* LaunchScreen.storyboard */ = {
			isa = PBXVariantGroup;
			children = (
				D76C4F271EB0ED2B007F12D4 /* Base */,
			);
			name = LaunchScreen.storyboard;
			sourceTree = "<group>";
		};
/* End PBXVariantGroup section */

/* Begin XCBuildConfiguration section */
		D76C4F2A1EB0ED2B007F12D4 /* Debug */ = {
			isa = XCBuildConfiguration;
			buildSettings = {
				ALWAYS_SEARCH_USER_PATHS = NO;
				CLANG_ANALYZER_NONNULL = YES;
				CLANG_ANALYZER_NUMBER_OBJECT_CONVERSION = YES_AGGRESSIVE;
				CLANG_CXX_LANGUAGE_STANDARD = "gnu++0x";
				CLANG_CXX_LIBRARY = "libc++";
				CLANG_ENABLE_MODULES = YES;
				CLANG_ENABLE_OBJC_ARC = YES;
				CLANG_WARN_BOOL_CONVERSION = YES;
				CLANG_WARN_CONSTANT_CONVERSION = YES;
				CLANG_WARN_DIRECT_OBJC_ISA_USAGE = YES_ERROR;
				CLANG_WARN_DOCUMENTATION_COMMENTS = YES;
				CLANG_WARN_EMPTY_BODY = YES;
				CLANG_WARN_ENUM_CONVERSION = YES;
				CLANG_WARN_INFINITE_RECURSION = YES;
				CLANG_WARN_INT_CONVERSION = YES;
				CLANG_WARN_OBJC_ROOT_CLASS = YES_ERROR;
				CLANG_WARN_SUSPICIOUS_MOVE = YES;
				CLANG_WARN_UNREACHABLE_CODE = YES;
				CLANG_WARN__DUPLICATE_METHOD_MATCH = YES;
				"CODE_SIGN_IDENTITY[sdk=iphoneos*]" = "iPhone Developer";
				COPY_PHASE_STRIP = NO;
				DEBUG_INFORMATION_FORMAT = dwarf;
				ENABLE_STRICT_OBJC_MSGSEND = YES;
				ENABLE_TESTABILITY = YES;
				GCC_C_LANGUAGE_STANDARD = gnu99;
				GCC_DYNAMIC_NO_PIC = NO;
				GCC_NO_COMMON_BLOCKS = YES;
				GCC_OPTIMIZATION_LEVEL = 0;
				GCC_PREPROCESSOR_DEFINITIONS = (
					"DEBUG=1",
					"$(inherited)",
				);
				GCC_WARN_64_TO_32_BIT_CONVERSION = YES;
				GCC_WARN_ABOUT_RETURN_TYPE = YES_ERROR;
				GCC_WARN_UNDECLARED_SELECTOR = YES;
				GCC_WARN_UNINITIALIZED_AUTOS = YES_AGGRESSIVE;
				GCC_WARN_UNUSED_FUNCTION = YES;
				GCC_WARN_UNUSED_VARIABLE = YES;
				IPHONEOS_DEPLOYMENT_TARGET = 10.3;
				MTL_ENABLE_DEBUG_INFO = YES;
				ONLY_ACTIVE_ARCH = YES;
				SDKROOT = iphoneos;
				SWIFT_ACTIVE_COMPILATION_CONDITIONS = DEBUG;
				SWIFT_OPTIMIZATION_LEVEL = "-Onone";
				TARGETED_DEVICE_FAMILY = "1,2";
			};
			name = Debug;
		};
		D76C4F2B1EB0ED2B007F12D4 /* Release */ = {
			isa = XCBuildConfiguration;
			buildSettings = {
				ALWAYS_SEARCH_USER_PATHS = NO;
				CLANG_ANALYZER_NONNULL = YES;
				CLANG_ANALYZER_NUMBER_OBJECT_CONVERSION = YES_AGGRESSIVE;
				CLANG_CXX_LANGUAGE_STANDARD = "gnu++0x";
				CLANG_CXX_LIBRARY = "libc++";
				CLANG_ENABLE_MODULES = YES;
				CLANG_ENABLE_OBJC_ARC = YES;
				CLANG_WARN_BOOL_CONVERSION = YES;
				CLANG_WARN_CONSTANT_CONVERSION = YES;
				CLANG_WARN_DIRECT_OBJC_ISA_USAGE = YES_ERROR;
				CLANG_WARN_DOCUMENTATION_COMMENTS = YES;
				CLANG_WARN_EMPTY_BODY = YES;
				CLANG_WARN_ENUM_CONVERSION = YES;
				CLANG_WARN_INFINITE_RECURSION = YES;
				CLANG_WARN_INT_CONVERSION = YES;
				CLANG_WARN_OBJC_ROOT_CLASS = YES_ERROR;
				CLANG_WARN_SUSPICIOUS_MOVE = YES;
				CLANG_WARN_UNREACHABLE_CODE = YES;
				CLANG_WARN__DUPLICATE_METHOD_MATCH = YES;
				"CODE_SIGN_IDENTITY[sdk=iphoneos*]" = "iPhone Developer";
				COPY_PHASE_STRIP = NO;
				DEBUG_INFORMATION_FORMAT = "dwarf-with-dsym";
				ENABLE_NS_ASSERTIONS = NO;
				ENABLE_STRICT_OBJC_MSGSEND = YES;
				GCC_C_LANGUAGE_STANDARD = gnu99;
				GCC_NO_COMMON_BLOCKS = YES;
				GCC_WARN_64_TO_32_BIT_CONVERSION = YES;
				GCC_WARN_ABOUT_RETURN_TYPE = YES_ERROR;
				GCC_WARN_UNDECLARED_SELECTOR = YES;
				GCC_WARN_UNINITIALIZED_AUTOS = YES_AGGRESSIVE;
				GCC_WARN_UNUSED_FUNCTION = YES;
				GCC_WARN_UNUSED_VARIABLE = YES;
				IPHONEOS_DEPLOYMENT_TARGET = 10.3;
				MTL_ENABLE_DEBUG_INFO = NO;
				SDKROOT = iphoneos;
				SWIFT_OPTIMIZATION_LEVEL = "-Owholemodule";
				TARGETED_DEVICE_FAMILY = "1,2";
				VALIDATE_PRODUCT = YES;
			};
			name = Release;
		};
		D76C4F2D1EB0ED2B007F12D4 /* Debug */ = {
			isa = XCBuildConfiguration;
			buildSettings = {
				ASSETCATALOG_COMPILER_APPICON_NAME = AppIcon;
				DEVELOPMENT_TEAM = 792YRUGRN6;
				INFOPLIST_FILE = MoneyTracker/Info.plist;
				LD_RUNPATH_SEARCH_PATHS = "$(inherited) @executable_path/Frameworks";
				PRODUCT_BUNDLE_IDENTIFIER = org.jhhs.618251.MoneyTracker;
				PRODUCT_NAME = "$(TARGET_NAME)";
				SWIFT_VERSION = 3.0;
			};
			name = Debug;
		};
		D76C4F2E1EB0ED2B007F12D4 /* Release */ = {
			isa = XCBuildConfiguration;
			buildSettings = {
				ASSETCATALOG_COMPILER_APPICON_NAME = AppIcon;
				DEVELOPMENT_TEAM = 792YRUGRN6;
				INFOPLIST_FILE = MoneyTracker/Info.plist;
				LD_RUNPATH_SEARCH_PATHS = "$(inherited) @executable_path/Frameworks";
				PRODUCT_BUNDLE_IDENTIFIER = org.jhhs.618251.MoneyTracker;
				PRODUCT_NAME = "$(TARGET_NAME)";
				SWIFT_VERSION = 3.0;
			};
			name = Release;
		};
/* End XCBuildConfiguration section */

/* Begin XCConfigurationList section */
		D76C4F151EB0ED2B007F12D4 /* Build configuration list for PBXProject "MoneyTracker" */ = {
			isa = XCConfigurationList;
			buildConfigurations = (
				D76C4F2A1EB0ED2B007F12D4 /* Debug */,
				D76C4F2B1EB0ED2B007F12D4 /* Release */,
			);
			defaultConfigurationIsVisible = 0;
			defaultConfigurationName = Release;
		};
		D76C4F2C1EB0ED2B007F12D4 /* Build configuration list for PBXNativeTarget "MoneyTracker" */ = {
			isa = XCConfigurationList;
			buildConfigurations = (
				D76C4F2D1EB0ED2B007F12D4 /* Debug */,
				D76C4F2E1EB0ED2B007F12D4 /* Release */,
			);
			defaultConfigurationIsVisible = 0;
			defaultConfigurationName = Release;
		};
/* End XCConfigurationList section */
	};
	rootObject = D76C4F121EB0ED2B007F12D4 /* Project object */;
}
